
Microsoft Visual Studio Solution File, Format Version 12.00
# Visual Studio Version 17
VisualStudioVersion = 17.4.33213.308
MinimumVisualStudioVersion = 10.0.40219.1
Project("{FAE04EC0-301F-11D3-BF4B-00C04F79EFBC}") = "EF_core_practice", "EF_core_practice.csproj", "{40054C41-F44D-4DD9-B4E4-71C90F8A71BE}"
EndProject
Global
	GlobalSection(SolutionConfigurationPlatforms) = preSolution
		Debug|Any CPU = Debug|Any CPU
		Release|Any CPU = Release|Any CPU
	EndGlobalSection
	GlobalSection(ProjectConfigurationPlatforms) = postSolution
		{40054C41-F44D-4DD9-B4E4-71C90F8A71BE}.Debug|Any CPU.ActiveCfg = Debug|Any CPU
		{40054C41-F44D-4DD9-B4E4-71C90F8A71BE}.Debug|Any CPU.Build.0 = Debug|Any CPU
		{40054C41-F44D-4DD9-B4E4-71C90F8A71BE}.Release|Any CPU.ActiveCfg = Release|Any CPU
		{40054C41-F44D-4DD9-B4E4-71C90F8A71BE}.Release|Any CPU.Build.0 = Release|Any CPU
	EndGlobalSection
	GlobalSection(SolutionProperties) = preSolution
		HideSolutionNode = FALSE
	EndGlobalSection
	GlobalSection(ExtensibilityGlobals) = postSolution
		SolutionGuid = {83A34E43-7C13-4B7F-B347-1CC6EA3B473E}
	EndGlobalSection
EndGlobal
